
Microsoft Visual Studio Solution File, Format Version 12.00
# Visual Studio Version 17
VisualStudioVersion = 17.0.31903.59
MinimumVisualStudioVersion = 10.0.40219.1
Project("{FAE04EC0-301F-11D3-BF4B-00C04F79EFBC}") = "API", "API\API.csproj", "{93240F3C-F915-41F6-83D7-003C1279F73C}"
EndProject
Project("{FAE04EC0-301F-11D3-BF4B-00C04F79EFBC}") = "Application", "Application\Application.csproj", "{69A38302-11AC-4D4C-B14A-789591A7EA7B}"
EndProject
Project("{FAE04EC0-301F-11D3-BF4B-00C04F79EFBC}") = "Domain", "Domain\Domain.csproj", "{7D808C41-D855-4842-B6DB-815DD1BDCDA4}"
EndProject
Project("{FAE04EC0-301F-11D3-BF4B-00C04F79EFBC}") = "Persistence", "Persistence\Persistence.csproj", "{8A60F6A0-DE1D-4138-BEAE-4FD7FEBFE515}"
EndProject
Global
	GlobalSection(SolutionConfigurationPlatforms) = preSolution
		Debug|Any CPU = Debug|Any CPU
		Debug|x64 = Debug|x64
		Debug|x86 = Debug|x86
		Release|Any CPU = Release|Any CPU
		Release|x64 = Release|x64
		Release|x86 = Release|x86
	EndGlobalSection
	GlobalSection(ProjectConfigurationPlatforms) = postSolution
		{93240F3C-F915-41F6-83D7-003C1279F73C}.Debug|Any CPU.ActiveCfg = Debug|Any CPU
		{93240F3C-F915-41F6-83D7-003C1279F73C}.Debug|Any CPU.Build.0 = Debug|Any CPU
		{93240F3C-F915-41F6-83D7-003C1279F73C}.Debug|x64.ActiveCfg = Debug|Any CPU
		{93240F3C-F915-41F6-83D7-003C1279F73C}.Debug|x64.Build.0 = Debug|Any CPU
		{93240F3C-F915-41F6-83D7-003C1279F73C}.Debug|x86.ActiveCfg = Debug|Any CPU
		{93240F3C-F915-41F6-83D7-003C1279F73C}.Debug|x86.Build.0 = Debug|Any CPU
		{93240F3C-F915-41F6-83D7-003C1279F73C}.Release|Any CPU.ActiveCfg = Release|Any CPU
		{93240F3C-F915-41F6-83D7-003C1279F73C}.Release|Any CPU.Build.0 = Release|Any CPU
		{93240F3C-F915-41F6-83D7-003C1279F73C}.Release|x64.ActiveCfg = Release|Any CPU
		{93240F3C-F915-41F6-83D7-003C1279F73C}.Release|x64.Build.0 = Release|Any CPU
		{93240F3C-F915-41F6-83D7-003C1279F73C}.Release|x86.ActiveCfg = Release|Any CPU
		{93240F3C-F915-41F6-83D7-003C1279F73C}.Release|x86.Build.0 = Release|Any CPU
		{69A38302-11AC-4D4C-B14A-789591A7EA7B}.Debug|Any CPU.ActiveCfg = Debug|Any CPU
		{69A38302-11AC-4D4C-B14A-789591A7EA7B}.Debug|Any CPU.Build.0 = Debug|Any CPU
		{69A38302-11AC-4D4C-B14A-789591A7EA7B}.Debug|x64.ActiveCfg = Debug|Any CPU
		{69A38302-11AC-4D4C-B14A-789591A7EA7B}.Debug|x64.Build.0 = Debug|Any CPU
		{69A38302-11AC-4D4C-B14A-789591A7EA7B}.Debug|x86.ActiveCfg = Debug|Any CPU
		{69A38302-11AC-4D4C-B14A-789591A7EA7B}.Debug|x86.Build.0 = Debug|Any CPU
		{69A38302-11AC-4D4C-B14A-789591A7EA7B}.Release|Any CPU.ActiveCfg = Release|Any CPU
		{69A38302-11AC-4D4C-B14A-789591A7EA7B}.Release|Any CPU.Build.0 = Release|Any CPU
		{69A38302-11AC-4D4C-B14A-789591A7EA7B}.Release|x64.ActiveCfg = Release|Any CPU
		{69A38302-11AC-4D4C-B14A-789591A7EA7B}.Release|x64.Build.0 = Release|Any CPU
		{69A38302-11AC-4D4C-B14A-789591A7EA7B}.Release|x86.ActiveCfg = Release|Any CPU
		{69A38302-11AC-4D4C-B14A-789591A7EA7B}.Release|x86.Build.0 = Release|Any CPU
		{7D808C41-D855-4842-B6DB-815DD1BDCDA4}.Debug|Any CPU.ActiveCfg = Debug|Any CPU
		{7D808C41-D855-4842-B6DB-815DD1BDCDA4}.Debug|Any CPU.Build.0 = Debug|Any CPU
		{7D808C41-D855-4842-B6DB-815DD1BDCDA4}.Debug|x64.ActiveCfg = Debug|Any CPU
		{7D808C41-D855-4842-B6DB-815DD1BDCDA4}.Debug|x64.Build.0 = Debug|Any CPU
		{7D808C41-D855-4842-B6DB-815DD1BDCDA4}.Debug|x86.ActiveCfg = Debug|Any CPU
		{7D808C41-D855-4842-B6DB-815DD1BDCDA4}.Debug|x86.Build.0 = Debug|Any CPU
		{7D808C41-D855-4842-B6DB-815DD1BDCDA4}.Release|Any CPU.ActiveCfg = Release|Any CPU
		{7D808C41-D855-4842-B6DB-815DD1BDCDA4}.Release|Any CPU.Build.0 = Release|Any CPU
		{7D808C41-D855-4842-B6DB-815DD1BDCDA4}.Release|x64.ActiveCfg = Release|Any CPU
		{7D808C41-D855-4842-B6DB-815DD1BDCDA4}.Release|x64.Build.0 = Release|Any CPU
		{7D808C41-D855-4842-B6DB-815DD1BDCDA4}.Release|x86.ActiveCfg = Release|Any CPU
		{7D808C41-D855-4842-B6DB-815DD1BDCDA4}.Release|x86.Build.0 = Release|Any CPU
		{8A60F6A0-DE1D-4138-BEAE-4FD7FEBFE515}.Debug|Any CPU.ActiveCfg = Debug|Any CPU
		{8A60F6A0-DE1D-4138-BEAE-4FD7FEBFE515}.Debug|Any CPU.Build.0 = Debug|Any CPU
		{8A60F6A0-DE1D-4138-BEAE-4FD7FEBFE515}.Debug|x64.ActiveCfg = Debug|Any CPU
		{8A60F6A0-DE1D-4138-BEAE-4FD7FEBFE515}.Debug|x64.Build.0 = Debug|Any CPU
		{8A60F6A0-DE1D-4138-BEAE-4FD7FEBFE515}.Debug|x86.ActiveCfg = Debug|Any CPU
		{8A60F6A0-DE1D-4138-BEAE-4FD7FEBFE515}.Debug|x86.Build.0 = Debug|Any CPU
		{8A60F6A0-DE1D-4138-BEAE-4FD7FEBFE515}.Release|Any CPU.ActiveCfg = Release|Any CPU
		{8A60F6A0-DE1D-4138-BEAE-4FD7FEBFE515}.Release|Any CPU.Build.0 = Release|Any CPU
		{8A60F6A0-DE1D-4138-BEAE-4FD7FEBFE515}.Release|x64.ActiveCfg = Release|Any CPU
		{8A60F6A0-DE1D-4138-BEAE-4FD7FEBFE515}.Release|x64.Build.0 = Release|Any CPU
		{8A60F6A0-DE1D-4138-BEAE-4FD7FEBFE515}.Release|x86.ActiveCfg = Release|Any CPU
		{8A60F6A0-DE1D-4138-BEAE-4FD7FEBFE515}.Release|x86.Build.0 = Release|Any CPU
	EndGlobalSection
	GlobalSection(SolutionProperties) = preSolution
		HideSolutionNode = FALSE
	EndGlobalSection
	GlobalSection(ExtensibilityGlobals) = postSolution
		SolutionGuid = {49ED09DA-DE16-4B4B-BD7B-35B5EE9AED90}
	EndGlobalSection
EndGlobal
